
Microsoft Visual Studio Solution File, Format Version 12.00
# Visual Studio Version 17
VisualStudioVersion = 17.5.33414.496
MinimumVisualStudioVersion = 10.0.40219.1
Project("{FAE04EC0-301F-11D3-BF4B-00C04F79EFBC}") = "CalculadoraComTestes", "CalculadoraComTestes\CalculadoraComTestes.csproj", "{8B169B62-D8B8-44B8-8DB0-980742CFAA9F}"
EndProject
Project("{FAE04EC0-301F-11D3-BF4B-00C04F79EFBC}") = "CalculadoraComTestesTests", "CalculadoraComTestesTests\CalculadoraComTestesTests.csproj", "{16EB4BBF-C16E-4552-8AEF-5BE1A75CD06B}"
EndProject
Global
	GlobalSection(SolutionConfigurationPlatforms) = preSolution
		Debug|Any CPU = Debug|Any CPU
		Release|Any CPU = Release|Any CPU
	EndGlobalSection
	GlobalSection(ProjectConfigurationPlatforms) = postSolution
		{8B169B62-D8B8-44B8-8DB0-980742CFAA9F}.Debug|Any CPU.ActiveCfg = Debug|Any CPU
		{8B169B62-D8B8-44B8-8DB0-980742CFAA9F}.Debug|Any CPU.Build.0 = Debug|Any CPU
		{8B169B62-D8B8-44B8-8DB0-980742CFAA9F}.Release|Any CPU.ActiveCfg = Release|Any CPU
		{8B169B62-D8B8-44B8-8DB0-980742CFAA9F}.Release|Any CPU.Build.0 = Release|Any CPU
		{16EB4BBF-C16E-4552-8AEF-5BE1A75CD06B}.Debug|Any CPU.ActiveCfg = Debug|Any CPU
		{16EB4BBF-C16E-4552-8AEF-5BE1A75CD06B}.Debug|Any CPU.Build.0 = Debug|Any CPU
		{16EB4BBF-C16E-4552-8AEF-5BE1A75CD06B}.Release|Any CPU.ActiveCfg = Release|Any CPU
		{16EB4BBF-C16E-4552-8AEF-5BE1A75CD06B}.Release|Any CPU.Build.0 = Release|Any CPU
	EndGlobalSection
	GlobalSection(SolutionProperties) = preSolution
		HideSolutionNode = FALSE
	EndGlobalSection
	GlobalSection(ExtensibilityGlobals) = postSolution
		SolutionGuid = {E984BD1F-4B81-4055-9B5A-189BEB288C96}
	EndGlobalSection
EndGlobal
